
Microsoft Visual Studio Solution File, Format Version 12.00
# Visual Studio 15
VisualStudioVersion = 15.0.26730.12
MinimumVisualStudioVersion = 10.0.40219.1
Project("{FAE04EC0-301F-11D3-BF4B-00C04F79EFBC}") = "myCalc", "myCalc\myCalc.csproj", "{2A21CDA7-9D51-49FA-A255-A37F00575E52}"
EndProject
Global
	GlobalSection(SolutionConfigurationPlatforms) = preSolution
		Debug|Any CPU = Debug|Any CPU
		Release|Any CPU = Release|Any CPU
	EndGlobalSection
	GlobalSection(ProjectConfigurationPlatforms) = postSolution
		{2A21CDA7-9D51-49FA-A255-A37F00575E52}.Debug|Any CPU.ActiveCfg = Debug|Any CPU
		{2A21CDA7-9D51-49FA-A255-A37F00575E52}.Debug|Any CPU.Build.0 = Debug|Any CPU
		{2A21CDA7-9D51-49FA-A255-A37F00575E52}.Release|Any CPU.ActiveCfg = Release|Any CPU
		{2A21CDA7-9D51-49FA-A255-A37F00575E52}.Release|Any CPU.Build.0 = Release|Any CPU
	EndGlobalSection
	GlobalSection(SolutionProperties) = preSolution
		HideSolutionNode = FALSE
	EndGlobalSection
	GlobalSection(ExtensibilityGlobals) = postSolution
		SolutionGuid = {66E02EEC-BFFD-4AAE-A751-67DDF30D039E}
	EndGlobalSection
EndGlobal
