
Microsoft Visual Studio Solution File, Format Version 12.00
# Visual Studio 15
VisualStudioVersion = 15.0.26730.12
MinimumVisualStudioVersion = 10.0.40219.1
Project("{FAE04EC0-301F-11D3-BF4B-00C04F79EFBC}") = "AddTask", "HomeWorkClass1\AddTask.csproj", "{6FE85796-2609-429B-B39F-FE57FF323B7F}"
EndProject
Project("{FAE04EC0-301F-11D3-BF4B-00C04F79EFBC}") = "HomeWork1", "HomeWork1\HomeWork1.csproj", "{1AC285C3-1B8E-4ABF-9462-BE520E0085EA}"
EndProject
Project("{FAE04EC0-301F-11D3-BF4B-00C04F79EFBC}") = "HomeWorkBook", "HomeWorkBook\HomeWorkBook.csproj", "{CC92494B-A3C9-4DD5-B948-D3CF4C4E62B8}"
EndProject
Project("{FAE04EC0-301F-11D3-BF4B-00C04F79EFBC}") = "HomeWorkPointFigure", "HomeWorkPointFigure\HomeWorkPointFigure.csproj", "{F6EE5725-50A7-4A78-A986-3E6E31EB838B}"
EndProject
Global
	GlobalSection(SolutionConfigurationPlatforms) = preSolution
		Debug|Any CPU = Debug|Any CPU
		Release|Any CPU = Release|Any CPU
	EndGlobalSection
	GlobalSection(ProjectConfigurationPlatforms) = postSolution
		{6FE85796-2609-429B-B39F-FE57FF323B7F}.Debug|Any CPU.ActiveCfg = Debug|Any CPU
		{6FE85796-2609-429B-B39F-FE57FF323B7F}.Debug|Any CPU.Build.0 = Debug|Any CPU
		{6FE85796-2609-429B-B39F-FE57FF323B7F}.Release|Any CPU.ActiveCfg = Release|Any CPU
		{6FE85796-2609-429B-B39F-FE57FF323B7F}.Release|Any CPU.Build.0 = Release|Any CPU
		{1AC285C3-1B8E-4ABF-9462-BE520E0085EA}.Debug|Any CPU.ActiveCfg = Debug|Any CPU
		{1AC285C3-1B8E-4ABF-9462-BE520E0085EA}.Debug|Any CPU.Build.0 = Debug|Any CPU
		{1AC285C3-1B8E-4ABF-9462-BE520E0085EA}.Release|Any CPU.ActiveCfg = Release|Any CPU
		{1AC285C3-1B8E-4ABF-9462-BE520E0085EA}.Release|Any CPU.Build.0 = Release|Any CPU
		{CC92494B-A3C9-4DD5-B948-D3CF4C4E62B8}.Debug|Any CPU.ActiveCfg = Debug|Any CPU
		{CC92494B-A3C9-4DD5-B948-D3CF4C4E62B8}.Debug|Any CPU.Build.0 = Debug|Any CPU
		{CC92494B-A3C9-4DD5-B948-D3CF4C4E62B8}.Release|Any CPU.ActiveCfg = Release|Any CPU
		{CC92494B-A3C9-4DD5-B948-D3CF4C4E62B8}.Release|Any CPU.Build.0 = Release|Any CPU
		{F6EE5725-50A7-4A78-A986-3E6E31EB838B}.Debug|Any CPU.ActiveCfg = Debug|Any CPU
		{F6EE5725-50A7-4A78-A986-3E6E31EB838B}.Debug|Any CPU.Build.0 = Debug|Any CPU
		{F6EE5725-50A7-4A78-A986-3E6E31EB838B}.Release|Any CPU.ActiveCfg = Release|Any CPU
		{F6EE5725-50A7-4A78-A986-3E6E31EB838B}.Release|Any CPU.Build.0 = Release|Any CPU
	EndGlobalSection
	GlobalSection(SolutionProperties) = preSolution
		HideSolutionNode = FALSE
	EndGlobalSection
	GlobalSection(ExtensibilityGlobals) = postSolution
		SolutionGuid = {28B91127-8401-434D-89EB-CD5A269E6663}
	EndGlobalSection
EndGlobal
